schema: '2.0'
stages:
  data_ingestion:
    cmd: python src/data/data_ingestion.py
    deps:
    - path: src/data/data_ingestion.py
      hash: md5
      md5: 857e36e0da1097b4145e341275ca94fa
      size: 3400
    params:
      params.yaml:
        data_ingestion.test_size: 0.25
    outs:
    - path: data/raw
      hash: md5
      md5: 929d889bdf8a3561e5fb9591d5e119fe.dir
      size: 651740
      nfiles: 2
  data_preprocessing:
    cmd: python src/data/data_preprocessing.py
    deps:
    - path: data/raw
      hash: md5
      md5: 929d889bdf8a3561e5fb9591d5e119fe.dir
      size: 651740
      nfiles: 2
    - path: src/data/data_preprocessing.py
      hash: md5
      md5: a0d0986f1695b3e851d0f37dad4451b8
      size: 2909
    outs:
    - path: data/interim
      hash: md5
      md5: bd866ffe74d26b5d88677f37d2599adb.dir
      size: 402493
      nfiles: 2
  feature_engineering:
    cmd: python src/features/feature_engineering.py
    deps:
    - path: data/interim
      hash: md5
      md5: bd866ffe74d26b5d88677f37d2599adb.dir
      size: 402493
      nfiles: 2
    - path: src/features/feature_engineering.py
      hash: md5
      md5: becb1ca06f27577ad6632e061bd3e290
      size: 3446
    params:
      params.yaml:
        feature_engineering.max_features: 50
    outs:
    - path: data/processed
      hash: md5
      md5: 38ec688769e64a922dc772164731d7f4.dir
      size: 51894
      nfiles: 2
    - path: models/vectorizer.pkl
      hash: md5
      md5: a9167cae8056a779eb124c0db32a01da
      size: 1860
  model_building:
    cmd: python src/model/model_building.py
    deps:
    - path: data/processed
      hash: md5
      md5: 38ec688769e64a922dc772164731d7f4.dir
      size: 51894
      nfiles: 2
    - path: src/model/model_building.py
      hash: md5
      md5: 5262c77711462ba3ee484a3828aa413f
      size: 1859
    outs:
    - path: models/model.pkl
      hash: md5
      md5: 8f901f676fe132f88d0f54fcff16aa81
      size: 1115
  model_evaluation:
    cmd: python src/model/model_evaluation.py
    deps:
    - path: models/model.pkl
      hash: md5
      md5: 8f901f676fe132f88d0f54fcff16aa81
      size: 1115
    - path: src/model/model_evaluation.py
      hash: md5
      md5: c87ede13a7772f58a83e828c624c0409
      size: 6485
    outs:
    - path: reports/experiment_info.json
      hash: md5
      md5: beae1049c272def7ae4e2cfc8b1d6ef2
      size: 82
    - path: reports/metrics.json
      hash: md5
      md5: dc309635526ba6f9181b0351db0b7023
      size: 132
  model_registration:
    cmd: python src/model/register_model.py
    deps:
    - path: reports/experiment_info.json
      hash: md5
      md5: beae1049c272def7ae4e2cfc8b1d6ef2
      size: 82
    - path: src/model/register_model.py
      hash: md5
      md5: 765ca06fa0613a0371365daed0167010
      size: 3467
